
Microsoft Visual Studio Solution File, Format Version 12.00
# Visual Studio Version 17
VisualStudioVersion = 17.4.33213.308
MinimumVisualStudioVersion = 10.0.40219.1
Project("{FAE04EC0-301F-11D3-BF4B-00C04F79EFBC}") = "Ex-023-ModificadoresParametros", "Ex-023-ModificadoresParametros\Ex-023-ModificadoresParametros.csproj", "{4ECDA21C-8703-45E7-B5D2-4DDF421C12BE}"
EndProject
Global
	GlobalSection(SolutionConfigurationPlatforms) = preSolution
		Debug|Any CPU = Debug|Any CPU
		Release|Any CPU = Release|Any CPU
	EndGlobalSection
	GlobalSection(ProjectConfigurationPlatforms) = postSolution
		{4ECDA21C-8703-45E7-B5D2-4DDF421C12BE}.Debug|Any CPU.ActiveCfg = Debug|Any CPU
		{4ECDA21C-8703-45E7-B5D2-4DDF421C12BE}.Debug|Any CPU.Build.0 = Debug|Any CPU
		{4ECDA21C-8703-45E7-B5D2-4DDF421C12BE}.Release|Any CPU.ActiveCfg = Release|Any CPU
		{4ECDA21C-8703-45E7-B5D2-4DDF421C12BE}.Release|Any CPU.Build.0 = Release|Any CPU
	EndGlobalSection
	GlobalSection(SolutionProperties) = preSolution
		HideSolutionNode = FALSE
	EndGlobalSection
	GlobalSection(ExtensibilityGlobals) = postSolution
		SolutionGuid = {1B95FCE1-5AB9-4304-A3D5-A46AAE888EDC}
	EndGlobalSection
EndGlobal
