
Microsoft Visual Studio Solution File, Format Version 12.00
# Visual Studio Version 17
VisualStudioVersion = 17.4.33213.308
MinimumVisualStudioVersion = 10.0.40219.1
Project("{FAE04EC0-301F-11D3-BF4B-00C04F79EFBC}") = "Ex-016-PropriedadeAutoimplementadas", "Ex-016-PropriedadeAutoimplementadas\Ex-016-PropriedadeAutoimplementadas.csproj", "{671E7CF6-ED50-4433-A7DC-7E25B35CFF03}"
EndProject
Global
	GlobalSection(SolutionConfigurationPlatforms) = preSolution
		Debug|Any CPU = Debug|Any CPU
		Release|Any CPU = Release|Any CPU
	EndGlobalSection
	GlobalSection(ProjectConfigurationPlatforms) = postSolution
		{671E7CF6-ED50-4433-A7DC-7E25B35CFF03}.Debug|Any CPU.ActiveCfg = Debug|Any CPU
		{671E7CF6-ED50-4433-A7DC-7E25B35CFF03}.Debug|Any CPU.Build.0 = Debug|Any CPU
		{671E7CF6-ED50-4433-A7DC-7E25B35CFF03}.Release|Any CPU.ActiveCfg = Release|Any CPU
		{671E7CF6-ED50-4433-A7DC-7E25B35CFF03}.Release|Any CPU.Build.0 = Release|Any CPU
	EndGlobalSection
	GlobalSection(SolutionProperties) = preSolution
		HideSolutionNode = FALSE
	EndGlobalSection
	GlobalSection(ExtensibilityGlobals) = postSolution
		SolutionGuid = {65C8E8D1-C769-44C6-A84C-77AE19363F6E}
	EndGlobalSection
EndGlobal
