
Microsoft Visual Studio Solution File, Format Version 12.00
# Visual Studio Version 17
VisualStudioVersion = 17.4.33213.308
MinimumVisualStudioVersion = 10.0.40219.1
Project("{FAE04EC0-301F-11D3-BF4B-00C04F79EFBC}") = "Ex-014-Encapsulamento", "Ex-014-Encapsulamento\Ex-014-Encapsulamento.csproj", "{73BD32AF-052D-49D0-ABE3-D27E03A70C64}"
EndProject
Global
	GlobalSection(SolutionConfigurationPlatforms) = preSolution
		Debug|Any CPU = Debug|Any CPU
		Release|Any CPU = Release|Any CPU
	EndGlobalSection
	GlobalSection(ProjectConfigurationPlatforms) = postSolution
		{73BD32AF-052D-49D0-ABE3-D27E03A70C64}.Debug|Any CPU.ActiveCfg = Debug|Any CPU
		{73BD32AF-052D-49D0-ABE3-D27E03A70C64}.Debug|Any CPU.Build.0 = Debug|Any CPU
		{73BD32AF-052D-49D0-ABE3-D27E03A70C64}.Release|Any CPU.ActiveCfg = Release|Any CPU
		{73BD32AF-052D-49D0-ABE3-D27E03A70C64}.Release|Any CPU.Build.0 = Release|Any CPU
	EndGlobalSection
	GlobalSection(SolutionProperties) = preSolution
		HideSolutionNode = FALSE
	EndGlobalSection
	GlobalSection(ExtensibilityGlobals) = postSolution
		SolutionGuid = {111D170A-BCF6-41F0-AD5A-7BE1ABCE39D3}
	EndGlobalSection
EndGlobal
