
Microsoft Visual Studio Solution File, Format Version 12.00
# Visual Studio Version 17
VisualStudioVersion = 17.4.33213.308
MinimumVisualStudioVersion = 10.0.40219.1
Project("{FAE04EC0-301F-11D3-BF4B-00C04F79EFBC}") = "Ex-011-Sobrecarga", "Ex-011-Sobrecarga\Ex-011-Sobrecarga.csproj", "{F94FF2FF-8439-408D-81ED-8B0671C7C49D}"
EndProject
Global
	GlobalSection(SolutionConfigurationPlatforms) = preSolution
		Debug|Any CPU = Debug|Any CPU
		Release|Any CPU = Release|Any CPU
	EndGlobalSection
	GlobalSection(ProjectConfigurationPlatforms) = postSolution
		{F94FF2FF-8439-408D-81ED-8B0671C7C49D}.Debug|Any CPU.ActiveCfg = Debug|Any CPU
		{F94FF2FF-8439-408D-81ED-8B0671C7C49D}.Debug|Any CPU.Build.0 = Debug|Any CPU
		{F94FF2FF-8439-408D-81ED-8B0671C7C49D}.Release|Any CPU.ActiveCfg = Release|Any CPU
		{F94FF2FF-8439-408D-81ED-8B0671C7C49D}.Release|Any CPU.Build.0 = Release|Any CPU
	EndGlobalSection
	GlobalSection(SolutionProperties) = preSolution
		HideSolutionNode = FALSE
	EndGlobalSection
	GlobalSection(ExtensibilityGlobals) = postSolution
		SolutionGuid = {864053E3-4083-4D9B-8083-19920E2E486C}
	EndGlobalSection
EndGlobal
