
Microsoft Visual Studio Solution File, Format Version 12.00
# Visual Studio Version 17
VisualStudioVersion = 17.4.33213.308
MinimumVisualStudioVersion = 10.0.40219.1
Project("{FAE04EC0-301F-11D3-BF4B-00C04F79EFBC}") = "Ex-015-Propriedades", "Ex-015-Propriedades\Ex-015-Propriedades.csproj", "{397F1E6C-33F4-470B-8581-10658248D96F}"
EndProject
Global
	GlobalSection(SolutionConfigurationPlatforms) = preSolution
		Debug|Any CPU = Debug|Any CPU
		Release|Any CPU = Release|Any CPU
	EndGlobalSection
	GlobalSection(ProjectConfigurationPlatforms) = postSolution
		{397F1E6C-33F4-470B-8581-10658248D96F}.Debug|Any CPU.ActiveCfg = Debug|Any CPU
		{397F1E6C-33F4-470B-8581-10658248D96F}.Debug|Any CPU.Build.0 = Debug|Any CPU
		{397F1E6C-33F4-470B-8581-10658248D96F}.Release|Any CPU.ActiveCfg = Release|Any CPU
		{397F1E6C-33F4-470B-8581-10658248D96F}.Release|Any CPU.Build.0 = Release|Any CPU
	EndGlobalSection
	GlobalSection(SolutionProperties) = preSolution
		HideSolutionNode = FALSE
	EndGlobalSection
	GlobalSection(ExtensibilityGlobals) = postSolution
		SolutionGuid = {CE82E952-AD9E-4AE6-B3B0-8417E73C4542}
	EndGlobalSection
EndGlobal
