
Microsoft Visual Studio Solution File, Format Version 12.00
# Visual Studio Version 17
VisualStudioVersion = 17.4.33213.308
MinimumVisualStudioVersion = 10.0.40219.1
Project("{FAE04EC0-301F-11D3-BF4B-00C04F79EFBC}") = "Ex-006-Estoque", "Ex-006-Estoque\Ex-006-Estoque.csproj", "{40DCDB99-B513-464B-8BCA-D94168310499}"
EndProject
Global
	GlobalSection(SolutionConfigurationPlatforms) = preSolution
		Debug|Any CPU = Debug|Any CPU
		Release|Any CPU = Release|Any CPU
	EndGlobalSection
	GlobalSection(ProjectConfigurationPlatforms) = postSolution
		{40DCDB99-B513-464B-8BCA-D94168310499}.Debug|Any CPU.ActiveCfg = Debug|Any CPU
		{40DCDB99-B513-464B-8BCA-D94168310499}.Debug|Any CPU.Build.0 = Debug|Any CPU
		{40DCDB99-B513-464B-8BCA-D94168310499}.Release|Any CPU.ActiveCfg = Release|Any CPU
		{40DCDB99-B513-464B-8BCA-D94168310499}.Release|Any CPU.Build.0 = Release|Any CPU
	EndGlobalSection
	GlobalSection(SolutionProperties) = preSolution
		HideSolutionNode = FALSE
	EndGlobalSection
	GlobalSection(ExtensibilityGlobals) = postSolution
		SolutionGuid = {03A090BC-2638-4CB1-827D-D06B55C5BD48}
	EndGlobalSection
EndGlobal
