
Microsoft Visual Studio Solution File, Format Version 12.00
# Visual Studio Version 17
VisualStudioVersion = 17.4.33213.308
MinimumVisualStudioVersion = 10.0.40219.1
Project("{FAE04EC0-301F-11D3-BF4B-00C04F79EFBC}") = "Ex-005-UsandoMetodo", "Ex-005-UsandoMetodo\Ex-005-UsandoMetodo.csproj", "{6BFFEF74-5D4C-4923-881E-E37589E8612E}"
EndProject
Global
	GlobalSection(SolutionConfigurationPlatforms) = preSolution
		Debug|Any CPU = Debug|Any CPU
		Release|Any CPU = Release|Any CPU
	EndGlobalSection
	GlobalSection(ProjectConfigurationPlatforms) = postSolution
		{6BFFEF74-5D4C-4923-881E-E37589E8612E}.Debug|Any CPU.ActiveCfg = Debug|Any CPU
		{6BFFEF74-5D4C-4923-881E-E37589E8612E}.Debug|Any CPU.Build.0 = Debug|Any CPU
		{6BFFEF74-5D4C-4923-881E-E37589E8612E}.Release|Any CPU.ActiveCfg = Release|Any CPU
		{6BFFEF74-5D4C-4923-881E-E37589E8612E}.Release|Any CPU.Build.0 = Release|Any CPU
	EndGlobalSection
	GlobalSection(SolutionProperties) = preSolution
		HideSolutionNode = FALSE
	EndGlobalSection
	GlobalSection(ExtensibilityGlobals) = postSolution
		SolutionGuid = {D765F48A-CA41-44B8-B238-E8AED7DD458E}
	EndGlobalSection
EndGlobal
