
Microsoft Visual Studio Solution File, Format Version 12.00
# Visual Studio Version 17
VisualStudioVersion = 17.4.33213.308
MinimumVisualStudioVersion = 10.0.40219.1
Project("{FAE04EC0-301F-11D3-BF4B-00C04F79EFBC}") = "Construtor", "MembrosEstaticos\Construtor.csproj", "{039A5F44-DD09-4467-A9E2-29568318F592}"
EndProject
Global
	GlobalSection(SolutionConfigurationPlatforms) = preSolution
		Debug|Any CPU = Debug|Any CPU
		Release|Any CPU = Release|Any CPU
	EndGlobalSection
	GlobalSection(ProjectConfigurationPlatforms) = postSolution
		{039A5F44-DD09-4467-A9E2-29568318F592}.Debug|Any CPU.ActiveCfg = Debug|Any CPU
		{039A5F44-DD09-4467-A9E2-29568318F592}.Debug|Any CPU.Build.0 = Debug|Any CPU
		{039A5F44-DD09-4467-A9E2-29568318F592}.Release|Any CPU.ActiveCfg = Release|Any CPU
		{039A5F44-DD09-4467-A9E2-29568318F592}.Release|Any CPU.Build.0 = Release|Any CPU
	EndGlobalSection
	GlobalSection(SolutionProperties) = preSolution
		HideSolutionNode = FALSE
	EndGlobalSection
	GlobalSection(ExtensibilityGlobals) = postSolution
		SolutionGuid = {4FC66B9F-5FAB-4D8C-A3F7-D957DD54A44E}
	EndGlobalSection
EndGlobal
