
Microsoft Visual Studio Solution File, Format Version 12.00
# Visual Studio Version 17
VisualStudioVersion = 17.4.33213.308
MinimumVisualStudioVersion = 10.0.40219.1
Project("{FAE04EC0-301F-11D3-BF4B-00C04F79EFBC}") = "Ex-026-ExercicioFixacaoListas", "Ex-026-ExercicioFixacaoListas\Ex-026-ExercicioFixacaoListas.csproj", "{94BD57D8-025F-46A9-8C80-98FA155DAF32}"
EndProject
Global
	GlobalSection(SolutionConfigurationPlatforms) = preSolution
		Debug|Any CPU = Debug|Any CPU
		Release|Any CPU = Release|Any CPU
	EndGlobalSection
	GlobalSection(ProjectConfigurationPlatforms) = postSolution
		{94BD57D8-025F-46A9-8C80-98FA155DAF32}.Debug|Any CPU.ActiveCfg = Debug|Any CPU
		{94BD57D8-025F-46A9-8C80-98FA155DAF32}.Debug|Any CPU.Build.0 = Debug|Any CPU
		{94BD57D8-025F-46A9-8C80-98FA155DAF32}.Release|Any CPU.ActiveCfg = Release|Any CPU
		{94BD57D8-025F-46A9-8C80-98FA155DAF32}.Release|Any CPU.Build.0 = Release|Any CPU
	EndGlobalSection
	GlobalSection(SolutionProperties) = preSolution
		HideSolutionNode = FALSE
	EndGlobalSection
	GlobalSection(ExtensibilityGlobals) = postSolution
		SolutionGuid = {055E7D37-791E-455F-B350-FCB9E05BD835}
	EndGlobalSection
EndGlobal
