
Microsoft Visual Studio Solution File, Format Version 12.00
# Visual Studio Version 17
VisualStudioVersion = 17.4.33213.308
MinimumVisualStudioVersion = 10.0.40219.1
Project("{FAE04EC0-301F-11D3-BF4B-00C04F79EFBC}") = "Ex-029-Exercicio-02-Matriz", "Ex-029-Exercicio-02-Matriz\Ex-029-Exercicio-02-Matriz.csproj", "{83209A89-1C69-45D5-BAB8-CB36D044D3D7}"
EndProject
Global
	GlobalSection(SolutionConfigurationPlatforms) = preSolution
		Debug|Any CPU = Debug|Any CPU
		Release|Any CPU = Release|Any CPU
	EndGlobalSection
	GlobalSection(ProjectConfigurationPlatforms) = postSolution
		{83209A89-1C69-45D5-BAB8-CB36D044D3D7}.Debug|Any CPU.ActiveCfg = Debug|Any CPU
		{83209A89-1C69-45D5-BAB8-CB36D044D3D7}.Debug|Any CPU.Build.0 = Debug|Any CPU
		{83209A89-1C69-45D5-BAB8-CB36D044D3D7}.Release|Any CPU.ActiveCfg = Release|Any CPU
		{83209A89-1C69-45D5-BAB8-CB36D044D3D7}.Release|Any CPU.Build.0 = Release|Any CPU
	EndGlobalSection
	GlobalSection(SolutionProperties) = preSolution
		HideSolutionNode = FALSE
	EndGlobalSection
	GlobalSection(ExtensibilityGlobals) = postSolution
		SolutionGuid = {3D23C877-F9A3-45E3-87F9-BE199CEE4900}
	EndGlobalSection
EndGlobal
