
Microsoft Visual Studio Solution File, Format Version 12.00
# Visual Studio Version 17
VisualStudioVersion = 17.4.33213.308
MinimumVisualStudioVersion = 10.0.40219.1
Project("{FAE04EC0-301F-11D3-BF4B-00C04F79EFBC}") = "Ex001-CriandoMetodo", "Ex001-CriandoMetodo\Ex001-CriandoMetodo.csproj", "{AB780117-B393-4CB1-B41C-397B335528C0}"
EndProject
Global
	GlobalSection(SolutionConfigurationPlatforms) = preSolution
		Debug|Any CPU = Debug|Any CPU
		Release|Any CPU = Release|Any CPU
	EndGlobalSection
	GlobalSection(ProjectConfigurationPlatforms) = postSolution
		{AB780117-B393-4CB1-B41C-397B335528C0}.Debug|Any CPU.ActiveCfg = Debug|Any CPU
		{AB780117-B393-4CB1-B41C-397B335528C0}.Debug|Any CPU.Build.0 = Debug|Any CPU
		{AB780117-B393-4CB1-B41C-397B335528C0}.Release|Any CPU.ActiveCfg = Release|Any CPU
		{AB780117-B393-4CB1-B41C-397B335528C0}.Release|Any CPU.Build.0 = Release|Any CPU
	EndGlobalSection
	GlobalSection(SolutionProperties) = preSolution
		HideSolutionNode = FALSE
	EndGlobalSection
	GlobalSection(ExtensibilityGlobals) = postSolution
		SolutionGuid = {B05B5BAB-BF5C-4550-A07C-79227183A152}
	EndGlobalSection
EndGlobal
