
Microsoft Visual Studio Solution File, Format Version 12.00
# Visual Studio Version 17
VisualStudioVersion = 17.4.33213.308
MinimumVisualStudioVersion = 10.0.40219.1
Project("{FAE04EC0-301F-11D3-BF4B-00C04F79EFBC}") = "Ex-022-Exercicio2Vetores", "Ex-022-Exercicio2Vetores\Ex-022-Exercicio2Vetores.csproj", "{DCABFC37-97DE-42EE-857D-13B7A556BD88}"
EndProject
Global
	GlobalSection(SolutionConfigurationPlatforms) = preSolution
		Debug|Any CPU = Debug|Any CPU
		Release|Any CPU = Release|Any CPU
	EndGlobalSection
	GlobalSection(ProjectConfigurationPlatforms) = postSolution
		{DCABFC37-97DE-42EE-857D-13B7A556BD88}.Debug|Any CPU.ActiveCfg = Debug|Any CPU
		{DCABFC37-97DE-42EE-857D-13B7A556BD88}.Debug|Any CPU.Build.0 = Debug|Any CPU
		{DCABFC37-97DE-42EE-857D-13B7A556BD88}.Release|Any CPU.ActiveCfg = Release|Any CPU
		{DCABFC37-97DE-42EE-857D-13B7A556BD88}.Release|Any CPU.Build.0 = Release|Any CPU
	EndGlobalSection
	GlobalSection(SolutionProperties) = preSolution
		HideSolutionNode = FALSE
	EndGlobalSection
	GlobalSection(ExtensibilityGlobals) = postSolution
		SolutionGuid = {33E34704-1663-4399-9A60-3BA65AB62566}
	EndGlobalSection
EndGlobal
